
Microsoft Visual Studio Solution File, Format Version 12.00
# Visual Studio Version 17
VisualStudioVersion = 17.1.32414.318
MinimumVisualStudioVersion = 10.0.40219.1
Project("{FAE04EC0-301F-11D3-BF4B-00C04F79EFBC}") = "Hardware profiler", "Hardware profiler\Hardware profiler.csproj", "{0CFB3960-074F-48D8-812B-02A00A82236C}"
EndProject
Global
	GlobalSection(SolutionConfigurationPlatforms) = preSolution
		Debug|Any CPU = Debug|Any CPU
		Release|Any CPU = Release|Any CPU
	EndGlobalSection
	GlobalSection(ProjectConfigurationPlatforms) = postSolution
		{0CFB3960-074F-48D8-812B-02A00A82236C}.Debug|Any CPU.ActiveCfg = Debug|Any CPU
		{0CFB3960-074F-48D8-812B-02A00A82236C}.Debug|Any CPU.Build.0 = Debug|Any CPU
		{0CFB3960-074F-48D8-812B-02A00A82236C}.Release|Any CPU.ActiveCfg = Release|Any CPU
		{0CFB3960-074F-48D8-812B-02A00A82236C}.Release|Any CPU.Build.0 = Release|Any CPU
	EndGlobalSection
	GlobalSection(SolutionProperties) = preSolution
		HideSolutionNode = FALSE
	EndGlobalSection
	GlobalSection(ExtensibilityGlobals) = postSolution
		SolutionGuid = {DC20A47E-F0A3-4FE0-8653-E13C8712223A}
	EndGlobalSection
EndGlobal
